
Microsoft Visual Studio Solution File, Format Version 12.00
# Visual Studio Version 17
VisualStudioVersion = 17.11.35208.52
MinimumVisualStudioVersion = 10.0.40219.1
Project("{FAE04EC0-301F-11D3-BF4B-00C04F79EFBC}") = "Week1Practial", "Week1Practial\Week1Practial.csproj", "{A7D7B511-75CD-43F3-AF4A-48A70D422707}"
EndProject
Global
	GlobalSection(SolutionConfigurationPlatforms) = preSolution
		Debug|Any CPU = Debug|Any CPU
		Release|Any CPU = Release|Any CPU
	EndGlobalSection
	GlobalSection(ProjectConfigurationPlatforms) = postSolution
		{A7D7B511-75CD-43F3-AF4A-48A70D422707}.Debug|Any CPU.ActiveCfg = Debug|Any CPU
		{A7D7B511-75CD-43F3-AF4A-48A70D422707}.Debug|Any CPU.Build.0 = Debug|Any CPU
		{A7D7B511-75CD-43F3-AF4A-48A70D422707}.Release|Any CPU.ActiveCfg = Release|Any CPU
		{A7D7B511-75CD-43F3-AF4A-48A70D422707}.Release|Any CPU.Build.0 = Release|Any CPU
	EndGlobalSection
	GlobalSection(SolutionProperties) = preSolution
		HideSolutionNode = FALSE
	EndGlobalSection
	GlobalSection(ExtensibilityGlobals) = postSolution
		SolutionGuid = {4B96C88B-3768-478E-8FFD-849C295118B7}
	EndGlobalSection
EndGlobal
